
Microsoft Visual Studio Solution File, Format Version 12.00
# Visual Studio 2013
VisualStudioVersion = 12.0.21005.1
MinimumVisualStudioVersion = 10.0.40219.1
Project("{9092AA53-FB77-4645-B42D-1CCCA6BD08BD}") = "boardcast", "boardcast.njsproj", "{7E0C4909-9E6E-49E7-84D2-D96C1BBA78DB}"
EndProject
Global
	GlobalSection(SolutionConfigurationPlatforms) = preSolution
		Debug|Any CPU = Debug|Any CPU
		Release|Any CPU = Release|Any CPU
	EndGlobalSection
	GlobalSection(ProjectConfigurationPlatforms) = postSolution
		{7E0C4909-9E6E-49E7-84D2-D96C1BBA78DB}.Debug|Any CPU.ActiveCfg = Debug|Any CPU
		{7E0C4909-9E6E-49E7-84D2-D96C1BBA78DB}.Debug|Any CPU.Build.0 = Debug|Any CPU
		{7E0C4909-9E6E-49E7-84D2-D96C1BBA78DB}.Release|Any CPU.ActiveCfg = Release|Any CPU
		{7E0C4909-9E6E-49E7-84D2-D96C1BBA78DB}.Release|Any CPU.Build.0 = Release|Any CPU
	EndGlobalSection
	GlobalSection(SolutionProperties) = preSolution
		HideSolutionNode = FALSE
	EndGlobalSection
EndGlobal
